
Microsoft Visual Studio Solution File, Format Version 12.00
# Visual Studio Version 17
VisualStudioVersion = 17.2.32505.173
MinimumVisualStudioVersion = 10.0.40219.1
Project("{FAE04EC0-301F-11D3-BF4B-00C04F79EFBC}") = "CommunityEvents.Android", "CommunityEvents\CommunityEvents.Android\CommunityEvents.Android.csproj", "{E8F0AA99-4165-4CA2-89A2-0BFA03447795}"
EndProject
Project("{FAE04EC0-301F-11D3-BF4B-00C04F79EFBC}") = "CommunityEvents.iOS", "CommunityEvents\CommunityEvents.iOS\CommunityEvents.iOS.csproj", "{5008957A-E6EC-4EFD-90FA-D383C5D56CBF}"
EndProject
Project("{FAE04EC0-301F-11D3-BF4B-00C04F79EFBC}") = "CommunityEvents", "CommunityEvents\CommunityEvents\CommunityEvents.csproj", "{91440FA8-0CE9-44BD-A94D-101168BA84C6}"
EndProject
Global
	GlobalSection(SolutionConfigurationPlatforms) = preSolution
		Debug|Any CPU = Debug|Any CPU
		Debug|iPhone = Debug|iPhone
		Debug|iPhoneSimulator = Debug|iPhoneSimulator
		Release|Any CPU = Release|Any CPU
		Release|iPhone = Release|iPhone
		Release|iPhoneSimulator = Release|iPhoneSimulator
	EndGlobalSection
	GlobalSection(ProjectConfigurationPlatforms) = postSolution
		{E8F0AA99-4165-4CA2-89A2-0BFA03447795}.Debug|Any CPU.ActiveCfg = Debug|Any CPU
		{E8F0AA99-4165-4CA2-89A2-0BFA03447795}.Debug|Any CPU.Build.0 = Debug|Any CPU
		{E8F0AA99-4165-4CA2-89A2-0BFA03447795}.Debug|Any CPU.Deploy.0 = Debug|Any CPU
		{E8F0AA99-4165-4CA2-89A2-0BFA03447795}.Debug|iPhone.ActiveCfg = Debug|Any CPU
		{E8F0AA99-4165-4CA2-89A2-0BFA03447795}.Debug|iPhone.Build.0 = Debug|Any CPU
		{E8F0AA99-4165-4CA2-89A2-0BFA03447795}.Debug|iPhone.Deploy.0 = Debug|Any CPU
		{E8F0AA99-4165-4CA2-89A2-0BFA03447795}.Debug|iPhoneSimulator.ActiveCfg = Debug|Any CPU
		{E8F0AA99-4165-4CA2-89A2-0BFA03447795}.Debug|iPhoneSimulator.Build.0 = Debug|Any CPU
		{E8F0AA99-4165-4CA2-89A2-0BFA03447795}.Debug|iPhoneSimulator.Deploy.0 = Debug|Any CPU
		{E8F0AA99-4165-4CA2-89A2-0BFA03447795}.Release|Any CPU.ActiveCfg = Release|Any CPU
		{E8F0AA99-4165-4CA2-89A2-0BFA03447795}.Release|Any CPU.Build.0 = Release|Any CPU
		{E8F0AA99-4165-4CA2-89A2-0BFA03447795}.Release|Any CPU.Deploy.0 = Release|Any CPU
		{E8F0AA99-4165-4CA2-89A2-0BFA03447795}.Release|iPhone.ActiveCfg = Release|Any CPU
		{E8F0AA99-4165-4CA2-89A2-0BFA03447795}.Release|iPhone.Build.0 = Release|Any CPU
		{E8F0AA99-4165-4CA2-89A2-0BFA03447795}.Release|iPhone.Deploy.0 = Release|Any CPU
		{E8F0AA99-4165-4CA2-89A2-0BFA03447795}.Release|iPhoneSimulator.ActiveCfg = Release|Any CPU
		{E8F0AA99-4165-4CA2-89A2-0BFA03447795}.Release|iPhoneSimulator.Build.0 = Release|Any CPU
		{E8F0AA99-4165-4CA2-89A2-0BFA03447795}.Release|iPhoneSimulator.Deploy.0 = Release|Any CPU
		{5008957A-E6EC-4EFD-90FA-D383C5D56CBF}.Debug|Any CPU.ActiveCfg = Debug|iPhone
		{5008957A-E6EC-4EFD-90FA-D383C5D56CBF}.Debug|Any CPU.Build.0 = Debug|iPhone
		{5008957A-E6EC-4EFD-90FA-D383C5D56CBF}.Debug|Any CPU.Deploy.0 = Debug|iPhone
		{5008957A-E6EC-4EFD-90FA-D383C5D56CBF}.Debug|iPhone.ActiveCfg = Debug|iPhone
		{5008957A-E6EC-4EFD-90FA-D383C5D56CBF}.Debug|iPhone.Build.0 = Debug|iPhone
		{5008957A-E6EC-4EFD-90FA-D383C5D56CBF}.Debug|iPhone.Deploy.0 = Debug|iPhone
		{5008957A-E6EC-4EFD-90FA-D383C5D56CBF}.Debug|iPhoneSimulator.ActiveCfg = Debug|iPhoneSimulator
		{5008957A-E6EC-4EFD-90FA-D383C5D56CBF}.Debug|iPhoneSimulator.Build.0 = Debug|iPhoneSimulator
		{5008957A-E6EC-4EFD-90FA-D383C5D56CBF}.Debug|iPhoneSimulator.Deploy.0 = Debug|iPhoneSimulator
		{5008957A-E6EC-4EFD-90FA-D383C5D56CBF}.Release|Any CPU.ActiveCfg = Release|iPhoneSimulator
		{5008957A-E6EC-4EFD-90FA-D383C5D56CBF}.Release|Any CPU.Build.0 = Release|iPhoneSimulator
		{5008957A-E6EC-4EFD-90FA-D383C5D56CBF}.Release|Any CPU.Deploy.0 = Release|iPhoneSimulator
		{5008957A-E6EC-4EFD-90FA-D383C5D56CBF}.Release|iPhone.ActiveCfg = Release|iPhone
		{5008957A-E6EC-4EFD-90FA-D383C5D56CBF}.Release|iPhone.Build.0 = Release|iPhone
		{5008957A-E6EC-4EFD-90FA-D383C5D56CBF}.Release|iPhone.Deploy.0 = Release|iPhone
		{5008957A-E6EC-4EFD-90FA-D383C5D56CBF}.Release|iPhoneSimulator.ActiveCfg = Release|iPhoneSimulator
		{5008957A-E6EC-4EFD-90FA-D383C5D56CBF}.Release|iPhoneSimulator.Build.0 = Release|iPhoneSimulator
		{5008957A-E6EC-4EFD-90FA-D383C5D56CBF}.Release|iPhoneSimulator.Deploy.0 = Release|iPhoneSimulator
		{91440FA8-0CE9-44BD-A94D-101168BA84C6}.Debug|Any CPU.ActiveCfg = Debug|Any CPU
		{91440FA8-0CE9-44BD-A94D-101168BA84C6}.Debug|Any CPU.Build.0 = Debug|Any CPU
		{91440FA8-0CE9-44BD-A94D-101168BA84C6}.Debug|Any CPU.Deploy.0 = Debug|Any CPU
		{91440FA8-0CE9-44BD-A94D-101168BA84C6}.Debug|iPhone.ActiveCfg = Debug|Any CPU
		{91440FA8-0CE9-44BD-A94D-101168BA84C6}.Debug|iPhone.Build.0 = Debug|Any CPU
		{91440FA8-0CE9-44BD-A94D-101168BA84C6}.Debug|iPhone.Deploy.0 = Debug|Any CPU
		{91440FA8-0CE9-44BD-A94D-101168BA84C6}.Debug|iPhoneSimulator.ActiveCfg = Debug|Any CPU
		{91440FA8-0CE9-44BD-A94D-101168BA84C6}.Debug|iPhoneSimulator.Build.0 = Debug|Any CPU
		{91440FA8-0CE9-44BD-A94D-101168BA84C6}.Debug|iPhoneSimulator.Deploy.0 = Debug|Any CPU
		{91440FA8-0CE9-44BD-A94D-101168BA84C6}.Release|Any CPU.ActiveCfg = Release|Any CPU
		{91440FA8-0CE9-44BD-A94D-101168BA84C6}.Release|Any CPU.Build.0 = Release|Any CPU
		{91440FA8-0CE9-44BD-A94D-101168BA84C6}.Release|Any CPU.Deploy.0 = Release|Any CPU
		{91440FA8-0CE9-44BD-A94D-101168BA84C6}.Release|iPhone.ActiveCfg = Release|Any CPU
		{91440FA8-0CE9-44BD-A94D-101168BA84C6}.Release|iPhone.Build.0 = Release|Any CPU
		{91440FA8-0CE9-44BD-A94D-101168BA84C6}.Release|iPhone.Deploy.0 = Release|Any CPU
		{91440FA8-0CE9-44BD-A94D-101168BA84C6}.Release|iPhoneSimulator.ActiveCfg = Release|Any CPU
		{91440FA8-0CE9-44BD-A94D-101168BA84C6}.Release|iPhoneSimulator.Build.0 = Release|Any CPU
		{91440FA8-0CE9-44BD-A94D-101168BA84C6}.Release|iPhoneSimulator.Deploy.0 = Release|Any CPU
	EndGlobalSection
	GlobalSection(SolutionProperties) = preSolution
		HideSolutionNode = FALSE
	EndGlobalSection
	GlobalSection(ExtensibilityGlobals) = postSolution
		SolutionGuid = {CBAA62C1-44DE-4624-A6C0-BEEF76C211CE}
	EndGlobalSection
EndGlobal
